
Microsoft Visual Studio Solution File, Format Version 12.00
# Visual Studio 15
VisualStudioVersion = 15.0.28307.902
MinimumVisualStudioVersion = 10.0.40219.1
Project("{FAE04EC0-301F-11D3-BF4B-00C04F79EFBC}") = "quan ly sinh vien", "quan ly sinh vien\quan ly sinh vien.csproj", "{96DE7782-E4C5-4C8E-8CDF-38158255B493}"
EndProject
Global
	GlobalSection(SolutionConfigurationPlatforms) = preSolution
		Debug|Any CPU = Debug|Any CPU
		Release|Any CPU = Release|Any CPU
	EndGlobalSection
	GlobalSection(ProjectConfigurationPlatforms) = postSolution
		{96DE7782-E4C5-4C8E-8CDF-38158255B493}.Debug|Any CPU.ActiveCfg = Debug|Any CPU
		{96DE7782-E4C5-4C8E-8CDF-38158255B493}.Debug|Any CPU.Build.0 = Debug|Any CPU
		{96DE7782-E4C5-4C8E-8CDF-38158255B493}.Release|Any CPU.ActiveCfg = Release|Any CPU
		{96DE7782-E4C5-4C8E-8CDF-38158255B493}.Release|Any CPU.Build.0 = Release|Any CPU
	EndGlobalSection
	GlobalSection(SolutionProperties) = preSolution
		HideSolutionNode = FALSE
	EndGlobalSection
	GlobalSection(ExtensibilityGlobals) = postSolution
		SolutionGuid = {FBAAC1AF-DE09-45E5-B35F-F8AA074938F5}
	EndGlobalSection
EndGlobal
